
Microsoft Visual Studio Solution File, Format Version 12.00
# Visual Studio Version 17
VisualStudioVersion = 17.13.35931.197 d17.13
MinimumVisualStudioVersion = 10.0.40219.1
Project("{FAE04EC0-301F-11D3-BF4B-00C04F79EFBC}") = "SkillLoop2", "SkillLoop2.csproj", "{F98FBFFD-D45E-47B8-8EAF-A94C09F01337}"
EndProject
Global
	GlobalSection(SolutionConfigurationPlatforms) = preSolution
		Debug|Any CPU = Debug|Any CPU
		Release|Any CPU = Release|Any CPU
	EndGlobalSection
	GlobalSection(ProjectConfigurationPlatforms) = postSolution
		{F98FBFFD-D45E-47B8-8EAF-A94C09F01337}.Debug|Any CPU.ActiveCfg = Debug|Any CPU
		{F98FBFFD-D45E-47B8-8EAF-A94C09F01337}.Debug|Any CPU.Build.0 = Debug|Any CPU
		{F98FBFFD-D45E-47B8-8EAF-A94C09F01337}.Release|Any CPU.ActiveCfg = Release|Any CPU
		{F98FBFFD-D45E-47B8-8EAF-A94C09F01337}.Release|Any CPU.Build.0 = Release|Any CPU
	EndGlobalSection
	GlobalSection(SolutionProperties) = preSolution
		HideSolutionNode = FALSE
	EndGlobalSection
	GlobalSection(ExtensibilityGlobals) = postSolution
		SolutionGuid = {B3915E6B-EAE6-457B-B19E-11B8289C3F4F}
	EndGlobalSection
EndGlobal
